// !$*UTF8*$!
{
	archiveVersion = 1;
	classes = {
	};
	objectVersion = 56;
	objects = {

/* Begin PBXBuildFile section */
		4410AE832A1B841A00B0D16B /* AppDelegate.swift in Sources */ = {isa = PBXBuildFile; fileRef = 4410AE822A1B841A00B0D16B /* AppDelegate.swift */; };
		4410AE872A1B841A00B0D16B /* MainTableWithHeroesViewController.swift in Sources */ = {isa = PBXBuildFile; fileRef = 4410AE862A1B841A00B0D16B /* MainTableWithHeroesViewController.swift */; };
		4410AE8C2A1B841B00B0D16B /* Assets.xcassets in Resources */ = {isa = PBXBuildFile; fileRef = 4410AE8B2A1B841B00B0D16B /* Assets.xcassets */; };
		4410AE9A2A1B841B00B0D16B /* RickAndMorty_MVVMTests.swift in Sources */ = {isa = PBXBuildFile; fileRef = 4410AE992A1B841B00B0D16B /* RickAndMorty_MVVMTests.swift */; };
		4410AEA42A1B841B00B0D16B /* RickAndMorty_MVVMUITests.swift in Sources */ = {isa = PBXBuildFile; fileRef = 4410AEA32A1B841B00B0D16B /* RickAndMorty_MVVMUITests.swift */; };
		4410AEA62A1B841B00B0D16B /* RickAndMorty_MVVMUITestsLaunchTests.swift in Sources */ = {isa = PBXBuildFile; fileRef = 4410AEA52A1B841B00B0D16B /* RickAndMorty_MVVMUITestsLaunchTests.swift */; };
		4410AEB62A1B88DF00B0D16B /* HeroModelOnTableProtocol.swift in Sources */ = {isa = PBXBuildFile; fileRef = 4410AEB52A1B88DF00B0D16B /* HeroModelOnTableProtocol.swift */; };
		4410AEB82A1B88E700B0D16B /* HeroModelOnTable.swift in Sources */ = {isa = PBXBuildFile; fileRef = 4410AEB72A1B88E700B0D16B /* HeroModelOnTable.swift */; };
		4410AEBB2A1B8BF800B0D16B /* HeroOnMainTableViewModel.swift in Sources */ = {isa = PBXBuildFile; fileRef = 4410AEBA2A1B8BF800B0D16B /* HeroOnMainTableViewModel.swift */; };
		4410AEBD2A1B8C1A00B0D16B /* HeroOnMainTableViewModelProtocol.swift in Sources */ = {isa = PBXBuildFile; fileRef = 4410AEBC2A1B8C1A00B0D16B /* HeroOnMainTableViewModelProtocol.swift */; };
		4410AEC12A1B979C00B0D16B /* NetworkManagerProtocol.swift in Sources */ = {isa = PBXBuildFile; fileRef = 4410AEC02A1B979C00B0D16B /* NetworkManagerProtocol.swift */; };
		4410AEC42A1B994500B0D16B /* FlowController.swift in Sources */ = {isa = PBXBuildFile; fileRef = 4410AEC32A1B994500B0D16B /* FlowController.swift */; };
		4410AEC62A1BD56000B0D16B /* BaseNetworkManager.swift in Sources */ = {isa = PBXBuildFile; fileRef = 4410AEC52A1BD56000B0D16B /* BaseNetworkManager.swift */; };
		4410AEC92A1BD7B300B0D16B /* NetworkHeroesDataModel.swift in Sources */ = {isa = PBXBuildFile; fileRef = 4410AEC82A1BD7B200B0D16B /* NetworkHeroesDataModel.swift */; };
		4410AECC2A1BEB2300B0D16B /* Kingfisher in Frameworks */ = {isa = PBXBuildFile; productRef = 4410AECB2A1BEB2300B0D16B /* Kingfisher */; };
		4410AECF2A1CDF0400B0D16B /* DetailInfoViewController.swift in Sources */ = {isa = PBXBuildFile; fileRef = 4410AECE2A1CDF0400B0D16B /* DetailInfoViewController.swift */; };
		4410AED12A1CE2D000B0D16B /* FlowControllerProtocol.swift in Sources */ = {isa = PBXBuildFile; fileRef = 4410AED02A1CE2D000B0D16B /* FlowControllerProtocol.swift */; };
		4410AED82A1D0C1D00B0D16B /* MainTableHeroesCell.swift in Sources */ = {isa = PBXBuildFile; fileRef = 4410AED72A1D0C1D00B0D16B /* MainTableHeroesCell.swift */; };
		4410AEDA2A1D0D5200B0D16B /* MainTableHeroesCellProtocol.swift in Sources */ = {isa = PBXBuildFile; fileRef = 4410AED92A1D0D5200B0D16B /* MainTableHeroesCellProtocol.swift */; };
		44B991FF2A248ACF005AD635 /* DetailHeroModelProtocol.swift in Sources */ = {isa = PBXBuildFile; fileRef = 44B991FE2A248ACF005AD635 /* DetailHeroModelProtocol.swift */; };
		44B992012A248BD9005AD635 /* DetailHeroModel.swift in Sources */ = {isa = PBXBuildFile; fileRef = 44B992002A248BD9005AD635 /* DetailHeroModel.swift */; };
		44B992032A248EF5005AD635 /* DetailHeroViewModelProtocol.swift in Sources */ = {isa = PBXBuildFile; fileRef = 44B992022A248EF5005AD635 /* DetailHeroViewModelProtocol.swift */; };
		44B992052A248F4F005AD635 /* DetailHeroVIewModel.swift in Sources */ = {isa = PBXBuildFile; fileRef = 44B992042A248F4F005AD635 /* DetailHeroVIewModel.swift */; };
		44B992072A24954D005AD635 /* DetailInfoViewControllerProtocol.swift in Sources */ = {isa = PBXBuildFile; fileRef = 44B992062A24954D005AD635 /* DetailInfoViewControllerProtocol.swift */; };
		44B9920D2A24B995005AD635 /* DetailInfoViewController + extension.swift in Sources */ = {isa = PBXBuildFile; fileRef = 44B9920C2A24B995005AD635 /* DetailInfoViewController + extension.swift */; };
/* End PBXBuildFile section */

/* Begin PBXContainerItemProxy section */
		4410AE962A1B841B00B0D16B /* PBXContainerItemProxy */ = {
			isa = PBXContainerItemProxy;
			containerPortal = 4410AE772A1B841A00B0D16B /* Project object */;
			proxyType = 1;
			remoteGlobalIDString = 4410AE7E2A1B841A00B0D16B;
			remoteInfo = "RickAndMorty MVVM";
		};
		4410AEA02A1B841B00B0D16B /* PBXContainerItemProxy */ = {
			isa = PBXContainerItemProxy;
			containerPortal = 4410AE772A1B841A00B0D16B /* Project object */;
			proxyType = 1;
			remoteGlobalIDString = 4410AE7E2A1B841A00B0D16B;
			remoteInfo = "RickAndMorty MVVM";
		};
/* End PBXContainerItemProxy section */

/* Begin PBXFileReference section */
		4410AE7F2A1B841A00B0D16B /* RickAndMorty MVVM.app */ = {isa = PBXFileReference; explicitFileType = wrapper.application; includeInIndex = 0; path = "RickAndMorty MVVM.app"; sourceTree = BUILT_PRODUCTS_DIR; };
		4410AE822A1B841A00B0D16B /* AppDelegate.swift */ = {isa = PBXFileReference; lastKnownFileType = sourcecode.swift; path = AppDelegate.swift; sourceTree = "<group>"; };
		4410AE862A1B841A00B0D16B /* MainTableWithHeroesViewController.swift */ = {isa = PBXFileReference; lastKnownFileType = sourcecode.swift; path = MainTableWithHeroesViewController.swift; sourceTree = "<group>"; };
		4410AE8B2A1B841B00B0D16B /* Assets.xcassets */ = {isa = PBXFileReference; lastKnownFileType = folder.assetcatalog; path = Assets.xcassets; sourceTree = "<group>"; };
		4410AE902A1B841B00B0D16B /* Info.plist */ = {isa = PBXFileReference; lastKnownFileType = text.plist.xml; path = Info.plist; sourceTree = "<group>"; };
		4410AE952A1B841B00B0D16B /* RickAndMorty MVVMTests.xctest */ = {isa = PBXFileReference; explicitFileType = wrapper.cfbundle; includeInIndex = 0; path = "RickAndMorty MVVMTests.xctest"; sourceTree = BUILT_PRODUCTS_DIR; };
		4410AE992A1B841B00B0D16B /* RickAndMorty_MVVMTests.swift */ = {isa = PBXFileReference; lastKnownFileType = sourcecode.swift; path = RickAndMorty_MVVMTests.swift; sourceTree = "<group>"; };
		4410AE9F2A1B841B00B0D16B /* RickAndMorty MVVMUITests.xctest */ = {isa = PBXFileReference; explicitFileType = wrapper.cfbundle; includeInIndex = 0; path = "RickAndMorty MVVMUITests.xctest"; sourceTree = BUILT_PRODUCTS_DIR; };
		4410AEA32A1B841B00B0D16B /* RickAndMorty_MVVMUITests.swift */ = {isa = PBXFileReference; lastKnownFileType = sourcecode.swift; path = RickAndMorty_MVVMUITests.swift; sourceTree = "<group>"; };
		4410AEA52A1B841B00B0D16B /* RickAndMorty_MVVMUITestsLaunchTests.swift */ = {isa = PBXFileReference; lastKnownFileType = sourcecode.swift; path = RickAndMorty_MVVMUITestsLaunchTests.swift; sourceTree = "<group>"; };
		4410AEB52A1B88DF00B0D16B /* HeroModelOnTableProtocol.swift */ = {isa = PBXFileReference; lastKnownFileType = sourcecode.swift; path = HeroModelOnTableProtocol.swift; sourceTree = "<group>"; };
		4410AEB72A1B88E700B0D16B /* HeroModelOnTable.swift */ = {isa = PBXFileReference; lastKnownFileType = sourcecode.swift; path = HeroModelOnTable.swift; sourceTree = "<group>"; };
		4410AEBA2A1B8BF800B0D16B /* HeroOnMainTableViewModel.swift */ = {isa = PBXFileReference; lastKnownFileType = sourcecode.swift; path = HeroOnMainTableViewModel.swift; sourceTree = "<group>"; };
		4410AEBC2A1B8C1A00B0D16B /* HeroOnMainTableViewModelProtocol.swift */ = {isa = PBXFileReference; lastKnownFileType = sourcecode.swift; path = HeroOnMainTableViewModelProtocol.swift; sourceTree = "<group>"; };
		4410AEC02A1B979C00B0D16B /* NetworkManagerProtocol.swift */ = {isa = PBXFileReference; lastKnownFileType = sourcecode.swift; path = NetworkManagerProtocol.swift; sourceTree = "<group>"; };
		4410AEC32A1B994500B0D16B /* FlowController.swift */ = {isa = PBXFileReference; lastKnownFileType = sourcecode.swift; path = FlowController.swift; sourceTree = "<group>"; };
		4410AEC52A1BD56000B0D16B /* BaseNetworkManager.swift */ = {isa = PBXFileReference; lastKnownFileType = sourcecode.swift; path = BaseNetworkManager.swift; sourceTree = "<group>"; };
		4410AEC82A1BD7B200B0D16B /* NetworkHeroesDataModel.swift */ = {isa = PBXFileReference; lastKnownFileType = sourcecode.swift; path = NetworkHeroesDataModel.swift; sourceTree = "<group>"; };
		4410AECE2A1CDF0400B0D16B /* DetailInfoViewController.swift */ = {isa = PBXFileReference; lastKnownFileType = sourcecode.swift; path = DetailInfoViewController.swift; sourceTree = "<group>"; };
		4410AED02A1CE2D000B0D16B /* FlowControllerProtocol.swift */ = {isa = PBXFileReference; lastKnownFileType = sourcecode.swift; path = FlowControllerProtocol.swift; sourceTree = "<group>"; };
		4410AED72A1D0C1D00B0D16B /* MainTableHeroesCell.swift */ = {isa = PBXFileReference; lastKnownFileType = sourcecode.swift; path = MainTableHeroesCell.swift; sourceTree = "<group>"; };
		4410AED92A1D0D5200B0D16B /* MainTableHeroesCellProtocol.swift */ = {isa = PBXFileReference; lastKnownFileType = sourcecode.swift; path = MainTableHeroesCellProtocol.swift; sourceTree = "<group>"; };
		44B991FE2A248ACF005AD635 /* DetailHeroModelProtocol.swift */ = {isa = PBXFileReference; lastKnownFileType = sourcecode.swift; path = DetailHeroModelProtocol.swift; sourceTree = "<group>"; };
		44B992002A248BD9005AD635 /* DetailHeroModel.swift */ = {isa = PBXFileReference; lastKnownFileType = sourcecode.swift; path = DetailHeroModel.swift; sourceTree = "<group>"; };
		44B992022A248EF5005AD635 /* DetailHeroViewModelProtocol.swift */ = {isa = PBXFileReference; lastKnownFileType = sourcecode.swift; path = DetailHeroViewModelProtocol.swift; sourceTree = "<group>"; };
		44B992042A248F4F005AD635 /* DetailHeroVIewModel.swift */ = {isa = PBXFileReference; lastKnownFileType = sourcecode.swift; path = DetailHeroVIewModel.swift; sourceTree = "<group>"; };
		44B992062A24954D005AD635 /* DetailInfoViewControllerProtocol.swift */ = {isa = PBXFileReference; lastKnownFileType = sourcecode.swift; path = DetailInfoViewControllerProtocol.swift; sourceTree = "<group>"; };
		44B9920C2A24B995005AD635 /* DetailInfoViewController + extension.swift */ = {isa = PBXFileReference; lastKnownFileType = sourcecode.swift; path = "DetailInfoViewController + extension.swift"; sourceTree = "<group>"; };
/* End PBXFileReference section */

/* Begin PBXFrameworksBuildPhase section */
		4410AE7C2A1B841A00B0D16B /* Frameworks */ = {
			isa = PBXFrameworksBuildPhase;
			buildActionMask = 2147483647;
			files = (
				4410AECC2A1BEB2300B0D16B /* Kingfisher in Frameworks */,
			);
			runOnlyForDeploymentPostprocessing = 0;
		};
		4410AE922A1B841B00B0D16B /* Frameworks */ = {
			isa = PBXFrameworksBuildPhase;
			buildActionMask = 2147483647;
			files = (
			);
			runOnlyForDeploymentPostprocessing = 0;
		};
		4410AE9C2A1B841B00B0D16B /* Frameworks */ = {
			isa = PBXFrameworksBuildPhase;
			buildActionMask = 2147483647;
			files = (
			);
			runOnlyForDeploymentPostprocessing = 0;
		};
/* End PBXFrameworksBuildPhase section */

/* Begin PBXGroup section */
		4410AE762A1B841A00B0D16B = {
			isa = PBXGroup;
			children = (
				4410AE812A1B841A00B0D16B /* RickAndMorty MVVM */,
				4410AE982A1B841B00B0D16B /* RickAndMorty MVVMTests */,
				4410AEA22A1B841B00B0D16B /* RickAndMorty MVVMUITests */,
				4410AE802A1B841A00B0D16B /* Products */,
			);
			sourceTree = "<group>";
		};
		4410AE802A1B841A00B0D16B /* Products */ = {
			isa = PBXGroup;
			children = (
				4410AE7F2A1B841A00B0D16B /* RickAndMorty MVVM.app */,
				4410AE952A1B841B00B0D16B /* RickAndMorty MVVMTests.xctest */,
				4410AE9F2A1B841B00B0D16B /* RickAndMorty MVVMUITests.xctest */,
			);
			name = Products;
			sourceTree = "<group>";
		};
		4410AE812A1B841A00B0D16B /* RickAndMorty MVVM */ = {
			isa = PBXGroup;
			children = (
				44B9920B2A24B97D005AD635 /* Extensions */,
				4410AECD2A1CDEE600B0D16B /* DetailInfoViewController */,
				4410AEC22A1B993700B0D16B /* FlowController */,
				4410AEBF2A1B96D000B0D16B /* NetworkLayer */,
				4410AEB32A1B883500B0D16B /* TableViewWithHeroesViewController */,
				4410AE822A1B841A00B0D16B /* AppDelegate.swift */,
				4410AEB22A1B879200B0D16B /* App files */,
			);
			path = "RickAndMorty MVVM";
			sourceTree = "<group>";
		};
		4410AE982A1B841B00B0D16B /* RickAndMorty MVVMTests */ = {
			isa = PBXGroup;
			children = (
				4410AE992A1B841B00B0D16B /* RickAndMorty_MVVMTests.swift */,
			);
			path = "RickAndMorty MVVMTests";
			sourceTree = "<group>";
		};
		4410AEA22A1B841B00B0D16B /* RickAndMorty MVVMUITests */ = {
			isa = PBXGroup;
			children = (
				4410AEA32A1B841B00B0D16B /* RickAndMorty_MVVMUITests.swift */,
				4410AEA52A1B841B00B0D16B /* RickAndMorty_MVVMUITestsLaunchTests.swift */,
			);
			path = "RickAndMorty MVVMUITests";
			sourceTree = "<group>";
		};
		4410AEB22A1B879200B0D16B /* App files */ = {
			isa = PBXGroup;
			children = (
				4410AE8B2A1B841B00B0D16B /* Assets.xcassets */,
				4410AE902A1B841B00B0D16B /* Info.plist */,
			);
			path = "App files";
			sourceTree = "<group>";
		};
		4410AEB32A1B883500B0D16B /* TableViewWithHeroesViewController */ = {
			isa = PBXGroup;
			children = (
				4410AEBE2A1B8C9F00B0D16B /* View */,
				4410AEB92A1B8BE300B0D16B /* ViewModel */,
				4410AEB42A1B885500B0D16B /* Model */,
			);
			path = TableViewWithHeroesViewController;
			sourceTree = "<group>";
		};
		4410AEB42A1B885500B0D16B /* Model */ = {
			isa = PBXGroup;
			children = (
				4410AEB52A1B88DF00B0D16B /* HeroModelOnTableProtocol.swift */,
				4410AEB72A1B88E700B0D16B /* HeroModelOnTable.swift */,
			);
			path = Model;
			sourceTree = "<group>";
		};
		4410AEB92A1B8BE300B0D16B /* ViewModel */ = {
			isa = PBXGroup;
			children = (
				4410AEBA2A1B8BF800B0D16B /* HeroOnMainTableViewModel.swift */,
				4410AEBC2A1B8C1A00B0D16B /* HeroOnMainTableViewModelProtocol.swift */,
			);
			path = ViewModel;
			sourceTree = "<group>";
		};
		4410AEBE2A1B8C9F00B0D16B /* View */ = {
			isa = PBXGroup;
			children = (
				4410AED62A1D0BE600B0D16B /* MainTableHeroesCell */,
				4410AED52A1D0BD600B0D16B /* MainScreen */,
			);
			path = View;
			sourceTree = "<group>";
		};
		4410AEBF2A1B96D000B0D16B /* NetworkLayer */ = {
			isa = PBXGroup;
			children = (
				4410AEC72A1BD79F00B0D16B /* NetworkHeroesDataModel */,
				4410AEC02A1B979C00B0D16B /* NetworkManagerProtocol.swift */,
				4410AEC52A1BD56000B0D16B /* BaseNetworkManager.swift */,
			);
			path = NetworkLayer;
			sourceTree = "<group>";
		};
		4410AEC22A1B993700B0D16B /* FlowController */ = {
			isa = PBXGroup;
			children = (
				4410AEC32A1B994500B0D16B /* FlowController.swift */,
				4410AED02A1CE2D000B0D16B /* FlowControllerProtocol.swift */,
			);
			path = FlowController;
			sourceTree = "<group>";
		};
		4410AEC72A1BD79F00B0D16B /* NetworkHeroesDataModel */ = {
			isa = PBXGroup;
			children = (
				4410AEC82A1BD7B200B0D16B /* NetworkHeroesDataModel.swift */,
			);
			path = NetworkHeroesDataModel;
			sourceTree = "<group>";
		};
		4410AECD2A1CDEE600B0D16B /* DetailInfoViewController */ = {
			isa = PBXGroup;
			children = (
				4410AED42A1CE5A900B0D16B /* Model */,
				4410AED32A1CE5A200B0D16B /* ViewModel */,
				4410AED22A1CE59A00B0D16B /* View */,
			);
			path = DetailInfoViewController;
			sourceTree = "<group>";
		};
		4410AED22A1CE59A00B0D16B /* View */ = {
			isa = PBXGroup;
			children = (
				4410AECE2A1CDF0400B0D16B /* DetailInfoViewController.swift */,
				44B992062A24954D005AD635 /* DetailInfoViewControllerProtocol.swift */,
			);
			path = View;
			sourceTree = "<group>";
		};
		4410AED32A1CE5A200B0D16B /* ViewModel */ = {
			isa = PBXGroup;
			children = (
				44B992022A248EF5005AD635 /* DetailHeroViewModelProtocol.swift */,
				44B992042A248F4F005AD635 /* DetailHeroVIewModel.swift */,
			);
			path = ViewModel;
			sourceTree = "<group>";
		};
		4410AED42A1CE5A900B0D16B /* Model */ = {
			isa = PBXGroup;
			children = (
				44B991FE2A248ACF005AD635 /* DetailHeroModelProtocol.swift */,
				44B992002A248BD9005AD635 /* DetailHeroModel.swift */,
			);
			path = Model;
			sourceTree = "<group>";
		};
		4410AED52A1D0BD600B0D16B /* MainScreen */ = {
			isa = PBXGroup;
			children = (
				4410AE862A1B841A00B0D16B /* MainTableWithHeroesViewController.swift */,
			);
			path = MainScreen;
			sourceTree = "<group>";
		};
		4410AED62A1D0BE600B0D16B /* MainTableHeroesCell */ = {
			isa = PBXGroup;
			children = (
				4410AED72A1D0C1D00B0D16B /* MainTableHeroesCell.swift */,
				4410AED92A1D0D5200B0D16B /* MainTableHeroesCellProtocol.swift */,
			);
			path = MainTableHeroesCell;
			sourceTree = "<group>";
		};
		44B9920B2A24B97D005AD635 /* Extensions */ = {
			isa = PBXGroup;
			children = (
				44B9920C2A24B995005AD635 /* DetailInfoViewController + extension.swift */,
			);
			path = Extensions;
			sourceTree = "<group>";
		};
/* End PBXGroup section */

/* Begin PBXNativeTarget section */
		4410AE7E2A1B841A00B0D16B /* RickAndMorty MVVM */ = {
			isa = PBXNativeTarget;
			buildConfigurationList = 4410AEA92A1B841B00B0D16B /* Build configuration list for PBXNativeTarget "RickAndMorty MVVM" */;
			buildPhases = (
				4410AE7B2A1B841A00B0D16B /* Sources */,
				4410AE7C2A1B841A00B0D16B /* Frameworks */,
				4410AE7D2A1B841A00B0D16B /* Resources */,
			);
			buildRules = (
			);
			dependencies = (
			);
			name = "RickAndMorty MVVM";
			packageProductDependencies = (
				4410AECB2A1BEB2300B0D16B /* Kingfisher */,
			);
			productName = "RickAndMorty MVVM";
			productReference = 4410AE7F2A1B841A00B0D16B /* RickAndMorty MVVM.app */;
			productType = "com.apple.product-type.application";
		};
		4410AE942A1B841B00B0D16B /* RickAndMorty MVVMTests */ = {
			isa = PBXNativeTarget;
			buildConfigurationList = 4410AEAC2A1B841B00B0D16B /* Build configuration list for PBXNativeTarget "RickAndMorty MVVMTests" */;
			buildPhases = (
				4410AE912A1B841B00B0D16B /* Sources */,
				4410AE922A1B841B00B0D16B /* Frameworks */,
				4410AE932A1B841B00B0D16B /* Resources */,
			);
			buildRules = (
			);
			dependencies = (
				4410AE972A1B841B00B0D16B /* PBXTargetDependency */,
			);
			name = "RickAndMorty MVVMTests";
			productName = "RickAndMorty MVVMTests";
			productReference = 4410AE952A1B841B00B0D16B /* RickAndMorty MVVMTests.xctest */;
			productType = "com.apple.product-type.bundle.unit-test";
		};
		4410AE9E2A1B841B00B0D16B /* RickAndMorty MVVMUITests */ = {
			isa = PBXNativeTarget;
			buildConfigurationList = 4410AEAF2A1B841B00B0D16B /* Build configuration list for PBXNativeTarget "RickAndMorty MVVMUITests" */;
			buildPhases = (
				4410AE9B2A1B841B00B0D16B /* Sources */,
				4410AE9C2A1B841B00B0D16B /* Frameworks */,
				4410AE9D2A1B841B00B0D16B /* Resources */,
			);
			buildRules = (
			);
			dependencies = (
				4410AEA12A1B841B00B0D16B /* PBXTargetDependency */,
			);
			name = "RickAndMorty MVVMUITests";
			productName = "RickAndMorty MVVMUITests";
			productReference = 4410AE9F2A1B841B00B0D16B /* RickAndMorty MVVMUITests.xctest */;
			productType = "com.apple.product-type.bundle.ui-testing";
		};
/* End PBXNativeTarget section */

/* Begin PBXProject section */
		4410AE772A1B841A00B0D16B /* Project object */ = {
			isa = PBXProject;
			attributes = {
				BuildIndependentTargetsInParallel = 1;
				LastSwiftUpdateCheck = 1420;
				LastUpgradeCheck = 1420;
				TargetAttributes = {
					4410AE7E2A1B841A00B0D16B = {
						CreatedOnToolsVersion = 14.2;
					};
					4410AE942A1B841B00B0D16B = {
						CreatedOnToolsVersion = 14.2;
						TestTargetID = 4410AE7E2A1B841A00B0D16B;
					};
					4410AE9E2A1B841B00B0D16B = {
						CreatedOnToolsVersion = 14.2;
						TestTargetID = 4410AE7E2A1B841A00B0D16B;
					};
				};
			};
			buildConfigurationList = 4410AE7A2A1B841A00B0D16B /* Build configuration list for PBXProject "RickAndMorty MVVM" */;
			compatibilityVersion = "Xcode 14.0";
			developmentRegion = en;
			hasScannedForEncodings = 0;
			knownRegions = (
				en,
				Base,
			);
			mainGroup = 4410AE762A1B841A00B0D16B;
			packageReferences = (
				4410AECA2A1BEB2300B0D16B /* XCRemoteSwiftPackageReference "Kingfisher" */,
			);
			productRefGroup = 4410AE802A1B841A00B0D16B /* Products */;
			projectDirPath = "";
			projectRoot = "";
			targets = (
				4410AE7E2A1B841A00B0D16B /* RickAndMorty MVVM */,
				4410AE942A1B841B00B0D16B /* RickAndMorty MVVMTests */,
				4410AE9E2A1B841B00B0D16B /* RickAndMorty MVVMUITests */,
			);
		};
/* End PBXProject section */

/* Begin PBXResourcesBuildPhase section */
		4410AE7D2A1B841A00B0D16B /* Resources */ = {
			isa = PBXResourcesBuildPhase;
			buildActionMask = 2147483647;
			files = (
				4410AE8C2A1B841B00B0D16B /* Assets.xcassets in Resources */,
			);
			runOnlyForDeploymentPostprocessing = 0;
		};
		4410AE932A1B841B00B0D16B /* Resources */ = {
			isa = PBXResourcesBuildPhase;
			buildActionMask = 2147483647;
			files = (
			);
			runOnlyForDeploymentPostprocessing = 0;
		};
		4410AE9D2A1B841B00B0D16B /* Resources */ = {
			isa = PBXResourcesBuildPhase;
			buildActionMask = 2147483647;
			files = (
			);
			runOnlyForDeploymentPostprocessing = 0;
		};
/* End PBXResourcesBuildPhase section */

/* Begin PBXSourcesBuildPhase section */
		4410AE7B2A1B841A00B0D16B /* Sources */ = {
			isa = PBXSourcesBuildPhase;
			buildActionMask = 2147483647;
			files = (
				4410AEC62A1BD56000B0D16B /* BaseNetworkManager.swift in Sources */,
				4410AEDA2A1D0D5200B0D16B /* MainTableHeroesCellProtocol.swift in Sources */,
				44B992012A248BD9005AD635 /* DetailHeroModel.swift in Sources */,
				44B992072A24954D005AD635 /* DetailInfoViewControllerProtocol.swift in Sources */,
				44B992032A248EF5005AD635 /* DetailHeroViewModelProtocol.swift in Sources */,
				44B991FF2A248ACF005AD635 /* DetailHeroModelProtocol.swift in Sources */,
				4410AED12A1CE2D000B0D16B /* FlowControllerProtocol.swift in Sources */,
				4410AEB62A1B88DF00B0D16B /* HeroModelOnTableProtocol.swift in Sources */,
				4410AEBD2A1B8C1A00B0D16B /* HeroOnMainTableViewModelProtocol.swift in Sources */,
				4410AEC12A1B979C00B0D16B /* NetworkManagerProtocol.swift in Sources */,
				4410AEC42A1B994500B0D16B /* FlowController.swift in Sources */,
				4410AECF2A1CDF0400B0D16B /* DetailInfoViewController.swift in Sources */,
				4410AED82A1D0C1D00B0D16B /* MainTableHeroesCell.swift in Sources */,
				4410AEB82A1B88E700B0D16B /* HeroModelOnTable.swift in Sources */,
				4410AEC92A1BD7B300B0D16B /* NetworkHeroesDataModel.swift in Sources */,
				4410AE872A1B841A00B0D16B /* MainTableWithHeroesViewController.swift in Sources */,
				4410AEBB2A1B8BF800B0D16B /* HeroOnMainTableViewModel.swift in Sources */,
				44B9920D2A24B995005AD635 /* DetailInfoViewController + extension.swift in Sources */,
				4410AE832A1B841A00B0D16B /* AppDelegate.swift in Sources */,
				44B992052A248F4F005AD635 /* DetailHeroVIewModel.swift in Sources */,
			);
			runOnlyForDeploymentPostprocessing = 0;
		};
		4410AE912A1B841B00B0D16B /* Sources */ = {
			isa = PBXSourcesBuildPhase;
			buildActionMask = 2147483647;
			files = (
				4410AE9A2A1B841B00B0D16B /* RickAndMorty_MVVMTests.swift in Sources */,
			);
			runOnlyForDeploymentPostprocessing = 0;
		};
		4410AE9B2A1B841B00B0D16B /* Sources */ = {
			isa = PBXSourcesBuildPhase;
			buildActionMask = 2147483647;
			files = (
				4410AEA42A1B841B00B0D16B /* RickAndMorty_MVVMUITests.swift in Sources */,
				4410AEA62A1B841B00B0D16B /* RickAndMorty_MVVMUITestsLaunchTests.swift in Sources */,
			);
			runOnlyForDeploymentPostprocessing = 0;
		};
/* End PBXSourcesBuildPhase section */

/* Begin PBXTargetDependency section */
		4410AE972A1B841B00B0D16B /* PBXTargetDependency */ = {
			isa = PBXTargetDependency;
			target = 4410AE7E2A1B841A00B0D16B /* RickAndMorty MVVM */;
			targetProxy = 4410AE962A1B841B00B0D16B /* PBXContainerItemProxy */;
		};
		4410AEA12A1B841B00B0D16B /* PBXTargetDependency */ = {
			isa = PBXTargetDependency;
			target = 4410AE7E2A1B841A00B0D16B /* RickAndMorty MVVM */;
			targetProxy = 4410AEA02A1B841B00B0D16B /* PBXContainerItemProxy */;
		};
/* End PBXTargetDependency section */

/* Begin XCBuildConfiguration section */
		4410AEA72A1B841B00B0D16B /* Debug */ = {
			isa = XCBuildConfiguration;
			buildSettings = {
				ALWAYS_SEARCH_USER_PATHS = NO;
				CLANG_ANALYZER_NONNULL = YES;
				CLANG_ANALYZER_NUMBER_OBJECT_CONVERSION = YES_AGGRESSIVE;
				CLANG_CXX_LANGUAGE_STANDARD = "gnu++20";
				CLANG_ENABLE_MODULES = YES;
				CLANG_ENABLE_OBJC_ARC = YES;
				CLANG_ENABLE_OBJC_WEAK = YES;
				CLANG_WARN_BLOCK_CAPTURE_AUTORELEASING = YES;
				CLANG_WARN_BOOL_CONVERSION = YES;
				CLANG_WARN_COMMA = YES;
				CLANG_WARN_CONSTANT_CONVERSION = YES;
				CLANG_WARN_DEPRECATED_OBJC_IMPLEMENTATIONS = YES;
				CLANG_WARN_DIRECT_OBJC_ISA_USAGE = YES_ERROR;
				CLANG_WARN_DOCUMENTATION_COMMENTS = YES;
				CLANG_WARN_EMPTY_BODY = YES;
				CLANG_WARN_ENUM_CONVERSION = YES;
				CLANG_WARN_INFINITE_RECURSION = YES;
				CLANG_WARN_INT_CONVERSION = YES;
				CLANG_WARN_NON_LITERAL_NULL_CONVERSION = YES;
				CLANG_WARN_OBJC_IMPLICIT_RETAIN_SELF = YES;
				CLANG_WARN_OBJC_LITERAL_CONVERSION = YES;
				CLANG_WARN_OBJC_ROOT_CLASS = YES_ERROR;
				CLANG_WARN_QUOTED_INCLUDE_IN_FRAMEWORK_HEADER = YES;
				CLANG_WARN_RANGE_LOOP_ANALYSIS = YES;
				CLANG_WARN_STRICT_PROTOTYPES = YES;
				CLANG_WARN_SUSPICIOUS_MOVE = YES;
				CLANG_WARN_UNGUARDED_AVAILABILITY = YES_AGGRESSIVE;
				CLANG_WARN_UNREACHABLE_CODE = YES;
				CLANG_WARN__DUPLICATE_METHOD_MATCH = YES;
				COPY_PHASE_STRIP = NO;
				DEBUG_INFORMATION_FORMAT = dwarf;
				ENABLE_STRICT_OBJC_MSGSEND = YES;
				ENABLE_TESTABILITY = YES;
				GCC_C_LANGUAGE_STANDARD = gnu11;
				GCC_DYNAMIC_NO_PIC = NO;
				GCC_NO_COMMON_BLOCKS = YES;
				GCC_OPTIMIZATION_LEVEL = 0;
				GCC_PREPROCESSOR_DEFINITIONS = (
					"DEBUG=1",
					"$(inherited)",
				);
				GCC_WARN_64_TO_32_BIT_CONVERSION = YES;
				GCC_WARN_ABOUT_RETURN_TYPE = YES_ERROR;
				GCC_WARN_UNDECLARED_SELECTOR = YES;
				GCC_WARN_UNINITIALIZED_AUTOS = YES_AGGRESSIVE;
				GCC_WARN_UNUSED_FUNCTION = YES;
				GCC_WARN_UNUSED_VARIABLE = YES;
				IPHONEOS_DEPLOYMENT_TARGET = 13.0;
				MTL_ENABLE_DEBUG_INFO = INCLUDE_SOURCE;
				MTL_FAST_MATH = YES;
				ONLY_ACTIVE_ARCH = YES;
				SDKROOT = iphoneos;
				SWIFT_ACTIVE_COMPILATION_CONDITIONS = DEBUG;
				SWIFT_OPTIMIZATION_LEVEL = "-Onone";
			};
			name = Debug;
		};
		4410AEA82A1B841B00B0D16B /* Release */ = {
			isa = XCBuildConfiguration;
			buildSettings = {
				ALWAYS_SEARCH_USER_PATHS = NO;
				CLANG_ANALYZER_NONNULL = YES;
				CLANG_ANALYZER_NUMBER_OBJECT_CONVERSION = YES_AGGRESSIVE;
				CLANG_CXX_LANGUAGE_STANDARD = "gnu++20";
				CLANG_ENABLE_MODULES = YES;
				CLANG_ENABLE_OBJC_ARC = YES;
				CLANG_ENABLE_OBJC_WEAK = YES;
				CLANG_WARN_BLOCK_CAPTURE_AUTORELEASING = YES;
				CLANG_WARN_BOOL_CONVERSION = YES;
				CLANG_WARN_COMMA = YES;
				CLANG_WARN_CONSTANT_CONVERSION = YES;
				CLANG_WARN_DEPRECATED_OBJC_IMPLEMENTATIONS = YES;
				CLANG_WARN_DIRECT_OBJC_ISA_USAGE = YES_ERROR;
				CLANG_WARN_DOCUMENTATION_COMMENTS = YES;
				CLANG_WARN_EMPTY_BODY = YES;
				CLANG_WARN_ENUM_CONVERSION = YES;
				CLANG_WARN_INFINITE_RECURSION = YES;
				CLANG_WARN_INT_CONVERSION = YES;
				CLANG_WARN_NON_LITERAL_NULL_CONVERSION = YES;
				CLANG_WARN_OBJC_IMPLICIT_RETAIN_SELF = YES;
				CLANG_WARN_OBJC_LITERAL_CONVERSION = YES;
				CLANG_WARN_OBJC_ROOT_CLASS = YES_ERROR;
				CLANG_WARN_QUOTED_INCLUDE_IN_FRAMEWORK_HEADER = YES;
				CLANG_WARN_RANGE_LOOP_ANALYSIS = YES;
				CLANG_WARN_STRICT_PROTOTYPES = YES;
				CLANG_WARN_SUSPICIOUS_MOVE = YES;
				CLANG_WARN_UNGUARDED_AVAILABILITY = YES_AGGRESSIVE;
				CLANG_WARN_UNREACHABLE_CODE = YES;
				CLANG_WARN__DUPLICATE_METHOD_MATCH = YES;
				COPY_PHASE_STRIP = NO;
				DEBUG_INFORMATION_FORMAT = "dwarf-with-dsym";
				ENABLE_NS_ASSERTIONS = NO;
				ENABLE_STRICT_OBJC_MSGSEND = YES;
				GCC_C_LANGUAGE_STANDARD = gnu11;
				GCC_NO_COMMON_BLOCKS = YES;
				GCC_WARN_64_TO_32_BIT_CONVERSION = YES;
				GCC_WARN_ABOUT_RETURN_TYPE = YES_ERROR;
				GCC_WARN_UNDECLARED_SELECTOR = YES;
				GCC_WARN_UNINITIALIZED_AUTOS = YES_AGGRESSIVE;
				GCC_WARN_UNUSED_FUNCTION = YES;
				GCC_WARN_UNUSED_VARIABLE = YES;
				IPHONEOS_DEPLOYMENT_TARGET = 13.0;
				MTL_ENABLE_DEBUG_INFO = NO;
				MTL_FAST_MATH = YES;
				SDKROOT = iphoneos;
				SWIFT_COMPILATION_MODE = wholemodule;
				SWIFT_OPTIMIZATION_LEVEL = "-O";
				VALIDATE_PRODUCT = YES;
			};
			name = Release;
		};
		4410AEAA2A1B841B00B0D16B /* Debug */ = {
			isa = XCBuildConfiguration;
			buildSettings = {
				ASSETCATALOG_COMPILER_APPICON_NAME = AppIcon;
				ASSETCATALOG_COMPILER_GLOBAL_ACCENT_COLOR_NAME = AccentColor;
				CODE_SIGN_STYLE = Automatic;
				CURRENT_PROJECT_VERSION = 1;
				DEVELOPMENT_TEAM = Q7D95C8V9R;
				GENERATE_INFOPLIST_FILE = YES;
				INFOPLIST_FILE = "RickAndMorty MVVM/App files/Info.plist";
				INFOPLIST_KEY_CFBundleDisplayName = "Rick and Morty MVVM";
				INFOPLIST_KEY_LSApplicationCategoryType = "public.app-category.lifestyle";
				INFOPLIST_KEY_UIApplicationSupportsIndirectInputEvents = YES;
				INFOPLIST_KEY_UISupportedInterfaceOrientations = UIInterfaceOrientationPortrait;
				IPHONEOS_DEPLOYMENT_TARGET = 12.4;
				LD_RUNPATH_SEARCH_PATHS = (
					"$(inherited)",
					"@executable_path/Frameworks",
				);
				MARKETING_VERSION = 1.0;
				PRODUCT_BUNDLE_IDENTIFIER = "com.artem.RickAndMorty-MVVM";
				PRODUCT_NAME = "$(TARGET_NAME)";
				SWIFT_EMIT_LOC_STRINGS = YES;
				SWIFT_VERSION = 5.0;
				TARGETED_DEVICE_FAMILY = "1,2";
			};
			name = Debug;
		};
		4410AEAB2A1B841B00B0D16B /* Release */ = {
			isa = XCBuildConfiguration;
			buildSettings = {
				ASSETCATALOG_COMPILER_APPICON_NAME = AppIcon;
				ASSETCATALOG_COMPILER_GLOBAL_ACCENT_COLOR_NAME = AccentColor;
				CODE_SIGN_STYLE = Automatic;
				CURRENT_PROJECT_VERSION = 1;
				DEVELOPMENT_TEAM = Q7D95C8V9R;
				GENERATE_INFOPLIST_FILE = YES;
				INFOPLIST_FILE = "RickAndMorty MVVM/App files/Info.plist";
				INFOPLIST_KEY_CFBundleDisplayName = "Rick and Morty MVVM";
				INFOPLIST_KEY_LSApplicationCategoryType = "public.app-category.lifestyle";
				INFOPLIST_KEY_UIApplicationSupportsIndirectInputEvents = YES;
				INFOPLIST_KEY_UISupportedInterfaceOrientations = UIInterfaceOrientationPortrait;
				IPHONEOS_DEPLOYMENT_TARGET = 12.4;
				LD_RUNPATH_SEARCH_PATHS = (
					"$(inherited)",
					"@executable_path/Frameworks",
				);
				MARKETING_VERSION = 1.0;
				PRODUCT_BUNDLE_IDENTIFIER = "com.artem.RickAndMorty-MVVM";
				PRODUCT_NAME = "$(TARGET_NAME)";
				SWIFT_EMIT_LOC_STRINGS = YES;
				SWIFT_VERSION = 5.0;
				TARGETED_DEVICE_FAMILY = "1,2";
			};
			name = Release;
		};
		4410AEAD2A1B841B00B0D16B /* Debug */ = {
			isa = XCBuildConfiguration;
			buildSettings = {
				ALWAYS_EMBED_SWIFT_STANDARD_LIBRARIES = YES;
				BUNDLE_LOADER = "$(TEST_HOST)";
				CODE_SIGN_STYLE = Automatic;
				CURRENT_PROJECT_VERSION = 1;
				DEVELOPMENT_TEAM = Q7D95C8V9R;
				GENERATE_INFOPLIST_FILE = YES;
				IPHONEOS_DEPLOYMENT_TARGET = 16.2;
				MARKETING_VERSION = 1.0;
				PRODUCT_BUNDLE_IDENTIFIER = "com.artem.RickAndMorty-MVVMTests";
				PRODUCT_NAME = "$(TARGET_NAME)";
				SWIFT_EMIT_LOC_STRINGS = NO;
				SWIFT_VERSION = 5.0;
				TARGETED_DEVICE_FAMILY = "1,2";
				TEST_HOST = "$(BUILT_PRODUCTS_DIR)/RickAndMorty MVVM.app/$(BUNDLE_EXECUTABLE_FOLDER_PATH)/RickAndMorty MVVM";
			};
			name = Debug;
		};
		4410AEAE2A1B841B00B0D16B /* Release */ = {
			isa = XCBuildConfiguration;
			buildSettings = {
				ALWAYS_EMBED_SWIFT_STANDARD_LIBRARIES = YES;
				BUNDLE_LOADER = "$(TEST_HOST)";
				CODE_SIGN_STYLE = Automatic;
				CURRENT_PROJECT_VERSION = 1;
				DEVELOPMENT_TEAM = Q7D95C8V9R;
				GENERATE_INFOPLIST_FILE = YES;
				IPHONEOS_DEPLOYMENT_TARGET = 16.2;
				MARKETING_VERSION = 1.0;
				PRODUCT_BUNDLE_IDENTIFIER = "com.artem.RickAndMorty-MVVMTests";
				PRODUCT_NAME = "$(TARGET_NAME)";
				SWIFT_EMIT_LOC_STRINGS = NO;
				SWIFT_VERSION = 5.0;
				TARGETED_DEVICE_FAMILY = "1,2";
				TEST_HOST = "$(BUILT_PRODUCTS_DIR)/RickAndMorty MVVM.app/$(BUNDLE_EXECUTABLE_FOLDER_PATH)/RickAndMorty MVVM";
			};
			name = Release;
		};
		4410AEB02A1B841B00B0D16B /* Debug */ = {
			isa = XCBuildConfiguration;
			buildSettings = {
				ALWAYS_EMBED_SWIFT_STANDARD_LIBRARIES = YES;
				CODE_SIGN_STYLE = Automatic;
				CURRENT_PROJECT_VERSION = 1;
				DEVELOPMENT_TEAM = Q7D95C8V9R;
				GENERATE_INFOPLIST_FILE = YES;
				MARKETING_VERSION = 1.0;
				PRODUCT_BUNDLE_IDENTIFIER = "com.artem.RickAndMorty-MVVMUITests";
				PRODUCT_NAME = "$(TARGET_NAME)";
				SWIFT_EMIT_LOC_STRINGS = NO;
				SWIFT_VERSION = 5.0;
				TARGETED_DEVICE_FAMILY = "1,2";
				TEST_TARGET_NAME = "RickAndMorty MVVM";
			};
			name = Debug;
		};
		4410AEB12A1B841B00B0D16B /* Release */ = {
			isa = XCBuildConfiguration;
			buildSettings = {
				ALWAYS_EMBED_SWIFT_STANDARD_LIBRARIES = YES;
				CODE_SIGN_STYLE = Automatic;
				CURRENT_PROJECT_VERSION = 1;
				DEVELOPMENT_TEAM = Q7D95C8V9R;
				GENERATE_INFOPLIST_FILE = YES;
				MARKETING_VERSION = 1.0;
				PRODUCT_BUNDLE_IDENTIFIER = "com.artem.RickAndMorty-MVVMUITests";
				PRODUCT_NAME = "$(TARGET_NAME)";
				SWIFT_EMIT_LOC_STRINGS = NO;
				SWIFT_VERSION = 5.0;
				TARGETED_DEVICE_FAMILY = "1,2";
				TEST_TARGET_NAME = "RickAndMorty MVVM";
			};
			name = Release;
		};
/* End XCBuildConfiguration section */

/* Begin XCConfigurationList section */
		4410AE7A2A1B841A00B0D16B /* Build configuration list for PBXProject "RickAndMorty MVVM" */ = {
			isa = XCConfigurationList;
			buildConfigurations = (
				4410AEA72A1B841B00B0D16B /* Debug */,
				4410AEA82A1B841B00B0D16B /* Release */,
			);
			defaultConfigurationIsVisible = 0;
			defaultConfigurationName = Release;
		};
		4410AEA92A1B841B00B0D16B /* Build configuration list for PBXNativeTarget "RickAndMorty MVVM" */ = {
			isa = XCConfigurationList;
			buildConfigurations = (
				4410AEAA2A1B841B00B0D16B /* Debug */,
				4410AEAB2A1B841B00B0D16B /* Release */,
			);
			defaultConfigurationIsVisible = 0;
			defaultConfigurationName = Release;
		};
		4410AEAC2A1B841B00B0D16B /* Build configuration list for PBXNativeTarget "RickAndMorty MVVMTests" */ = {
			isa = XCConfigurationList;
			buildConfigurations = (
				4410AEAD2A1B841B00B0D16B /* Debug */,
				4410AEAE2A1B841B00B0D16B /* Release */,
			);
			defaultConfigurationIsVisible = 0;
			defaultConfigurationName = Release;
		};
		4410AEAF2A1B841B00B0D16B /* Build configuration list for PBXNativeTarget "RickAndMorty MVVMUITests" */ = {
			isa = XCConfigurationList;
			buildConfigurations = (
				4410AEB02A1B841B00B0D16B /* Debug */,
				4410AEB12A1B841B00B0D16B /* Release */,
			);
			defaultConfigurationIsVisible = 0;
			defaultConfigurationName = Release;
		};
/* End XCConfigurationList section */

/* Begin XCRemoteSwiftPackageReference section */
		4410AECA2A1BEB2300B0D16B /* XCRemoteSwiftPackageReference "Kingfisher" */ = {
			isa = XCRemoteSwiftPackageReference;
			repositoryURL = "https://github.com/onevcat/Kingfisher.git";
			requirement = {
				kind = upToNextMajorVersion;
				minimumVersion = 7.0.0;
			};
		};
/* End XCRemoteSwiftPackageReference section */

/* Begin XCSwiftPackageProductDependency section */
		4410AECB2A1BEB2300B0D16B /* Kingfisher */ = {
			isa = XCSwiftPackageProductDependency;
			package = 4410AECA2A1BEB2300B0D16B /* XCRemoteSwiftPackageReference "Kingfisher" */;
			productName = Kingfisher;
		};
/* End XCSwiftPackageProductDependency section */
	};
	rootObject = 4410AE772A1B841A00B0D16B /* Project object */;
}
